github.com/caseymrm/askm v1.0.0 h1:Ff5QN5GwuyCzg63++hU1jV+1JVYHYd0sw6KUkVd2GiQ=
github.com/caseymrm/askm v1.0.0/go.mod h1:raj+vtH8SsGkuSg1/970qaONNyNlIb7zFv2LDVk6j+U=
github.com/caseymrm/go-pmset v1.0.0 h1:iXc5GlLSqdR0C0GW9nvxvF02ynUkbeVNhAPoYPW+psg=
github.com/caseymrm/go-pmset v1.0.0/go.mod h1:MYha1Z8OJEvuLrM+7xZGkPGwpkzJ5uZ+M89hJkQoFD4=
github.com/caseymrm/go-smc v0.0.0-20260606234205-4a31024c8b63 h1:B135ig/cZdfSEEolfNace3mUpBOslY78EUt9qQ3pNK4=
github.com/caseymrm/go-smc v0.0.0-20260606234205-4a31024c8b63/go.mod h1:t/rpq4mwI5WzO0Yu8aG8kGmZECjV3G4amwoqBsWULUA=
github.com/caseymrm/menuet/v2 v2.2.0 h1:8PBcc1N6dLnaPnM2JeH4ea/5TGdELRslTRrywqiqRUc=
github.com/caseymrm/menuet/v2 v2.2.0/go.mod h1:fw/xps1icldZXguIGgsokmkVgGd51N1h+X6evRuPv8s=
